
Microsoft Visual Studio Solution File, Format Version 12.00
# Visual Studio Version 17
VisualStudioVersion = 17.13.35931.197 d17.13
MinimumVisualStudioVersion = 10.0.40219.1
Project("{8BC9CEB8-8B4A-11D0-8D11-00A0C91BC942}") = "popcorn_dos_game", "popcorn_dos_game\popcorn_dos_game.vcxproj", "{45F271B7-0C31-4C6A-BEEA-5700B0AFD12B}"
EndProject
Global
	GlobalSection(SolutionConfigurationPlatforms) = preSolution
		Debug|x64 = Debug|x64
		Debug|x86 = Debug|x86
		Release|x64 = Release|x64
		Release|x86 = Release|x86
	EndGlobalSection
	GlobalSection(ProjectConfigurationPlatforms) = postSolution
		{45F271B7-0C31-4C6A-BEEA-5700B0AFD12B}.Debug|x64.ActiveCfg = Debug|x64
		{45F271B7-0C31-4C6A-BEEA-5700B0AFD12B}.Debug|x64.Build.0 = Debug|x64
		{45F271B7-0C31-4C6A-BEEA-5700B0AFD12B}.Debug|x86.ActiveCfg = Debug|Win32
		{45F271B7-0C31-4C6A-BEEA-5700B0AFD12B}.Debug|x86.Build.0 = Debug|Win32
		{45F271B7-0C31-4C6A-BEEA-5700B0AFD12B}.Release|x64.ActiveCfg = Release|x64
		{45F271B7-0C31-4C6A-BEEA-5700B0AFD12B}.Release|x64.Build.0 = Release|x64
		{45F271B7-0C31-4C6A-BEEA-5700B0AFD12B}.Release|x86.ActiveCfg = Release|Win32
		{45F271B7-0C31-4C6A-BEEA-5700B0AFD12B}.Release|x86.Build.0 = Release|Win32
	EndGlobalSection
	GlobalSection(SolutionProperties) = preSolution
		HideSolutionNode = FALSE
	EndGlobalSection
	GlobalSection(ExtensibilityGlobals) = postSolution
		SolutionGuid = {28B95B07-F4D8-4077-8D48-D9179BD6D16C}
	EndGlobalSection
EndGlobal
